// !$*UTF8*$!
{
	archiveVersion = 1;
	classes = {
	};
	objectVersion = 56;
	objects = {

/* Begin PBXBuildFile section */
		01A20D9C2924EBB100F94E74 /* AppDelegate.swift in Sources */ = {isa = PBXBuildFile; fileRef = 01A20D9B2924EBB100F94E74 /* AppDelegate.swift */; };
		01A20D9E2924EBB100F94E74 /* SceneDelegate.swift in Sources */ = {isa = PBXBuildFile; fileRef = 01A20D9D2924EBB100F94E74 /* SceneDelegate.swift */; };
		01A20DA02924EBB100F94E74 /* ViewController.swift in Sources */ = {isa = PBXBuildFile; fileRef = 01A20D9F2924EBB100F94E74 /* ViewController.swift */; };
		01A20DA32924EBB100F94E74 /* Main.storyboard in Resources */ = {isa = PBXBuildFile; fileRef = 01A20DA12924EBB100F94E74 /* Main.storyboard */; };
		01A20DA52924EBB200F94E74 /* Assets.xcassets in Resources */ = {isa = PBXBuildFile; fileRef = 01A20DA42924EBB200F94E74 /* Assets.xcassets */; };
		01A20DA82924EBB200F94E74 /* LaunchScreen.storyboard in Resources */ = {isa = PBXBuildFile; fileRef = 01A20DA62924EBB200F94E74 /* LaunchScreen.storyboard */; };
		01A20DB02925192000F94E74 /* ViewController1.swift in Sources */ = {isa = PBXBuildFile; fileRef = 01A20DAF2925192000F94E74 /* ViewController1.swift */; };
		01A20DB22925193400F94E74 /* ViewController2.swift in Sources */ = {isa = PBXBuildFile; fileRef = 01A20DB12925193400F94E74 /* ViewController2.swift */; };
		01A20DB42925194900F94E74 /* ViewController3.swift in Sources */ = {isa = PBXBuildFile; fileRef = 01A20DB32925194900F94E74 /* ViewController3.swift */; };
		01A20DB62925196400F94E74 /* ViewController4.swift in Sources */ = {isa = PBXBuildFile; fileRef = 01A20DB52925196400F94E74 /* ViewController4.swift */; };
		01A20DB82925197600F94E74 /* ViewController5.swift in Sources */ = {isa = PBXBuildFile; fileRef = 01A20DB72925197600F94E74 /* ViewController5.swift */; };
		01A20DBA29251ACE00F94E74 /* ViewControllerEnd.swift in Sources */ = {isa = PBXBuildFile; fileRef = 01A20DB929251ACE00F94E74 /* ViewControllerEnd.swift */; };
/* End PBXBuildFile section */

/* Begin PBXFileReference section */
		01A20D982924EBB100F94E74 /* Umfrage.app */ = {isa = PBXFileReference; explicitFileType = wrapper.application; includeInIndex = 0; path = Umfrage.app; sourceTree = BUILT_PRODUCTS_DIR; };
		01A20D9B2924EBB100F94E74 /* AppDelegate.swift */ = {isa = PBXFileReference; lastKnownFileType = sourcecode.swift; path = AppDelegate.swift; sourceTree = "<group>"; };
		01A20D9D2924EBB100F94E74 /* SceneDelegate.swift */ = {isa = PBXFileReference; lastKnownFileType = sourcecode.swift; path = SceneDelegate.swift; sourceTree = "<group>"; };
		01A20D9F2924EBB100F94E74 /* ViewController.swift */ = {isa = PBXFileReference; lastKnownFileType = sourcecode.swift; path = ViewController.swift; sourceTree = "<group>"; };
		01A20DA22924EBB100F94E74 /* Base */ = {isa = PBXFileReference; lastKnownFileType = file.storyboard; name = Base; path = Base.lproj/Main.storyboard; sourceTree = "<group>"; };
		01A20DA42924EBB200F94E74 /* Assets.xcassets */ = {isa = PBXFileReference; lastKnownFileType = folder.assetcatalog; path = Assets.xcassets; sourceTree = "<group>"; };
		01A20DA72924EBB200F94E74 /* Base */ = {isa = PBXFileReference; lastKnownFileType = file.storyboard; name = Base; path = Base.lproj/LaunchScreen.storyboard; sourceTree = "<group>"; };
		01A20DA92924EBB200F94E74 /* Info.plist */ = {isa = PBXFileReference; lastKnownFileType = text.plist.xml; path = Info.plist; sourceTree = "<group>"; };
		01A20DAF2925192000F94E74 /* ViewController1.swift */ = {isa = PBXFileReference; lastKnownFileType = sourcecode.swift; path = ViewController1.swift; sourceTree = "<group>"; };
		01A20DB12925193400F94E74 /* ViewController2.swift */ = {isa = PBXFileReference; lastKnownFileType = sourcecode.swift; path = ViewController2.swift; sourceTree = "<group>"; };
		01A20DB32925194900F94E74 /* ViewController3.swift */ = {isa = PBXFileReference; lastKnownFileType = sourcecode.swift; path = ViewController3.swift; sourceTree = "<group>"; };
		01A20DB52925196400F94E74 /* ViewController4.swift */ = {isa = PBXFileReference; lastKnownFileType = sourcecode.swift; path = ViewController4.swift; sourceTree = "<group>"; };
		01A20DB72925197600F94E74 /* ViewController5.swift */ = {isa = PBXFileReference; lastKnownFileType = sourcecode.swift; path = ViewController5.swift; sourceTree = "<group>"; };
		01A20DB929251ACE00F94E74 /* ViewControllerEnd.swift */ = {isa = PBXFileReference; lastKnownFileType = sourcecode.swift; path = ViewControllerEnd.swift; sourceTree = "<group>"; };
/* End PBXFileReference section */

/* Begin PBXFrameworksBuildPhase section */
		01A20D952924EBB100F94E74 /* Frameworks */ = {
			isa = PBXFrameworksBuildPhase;
			buildActionMask = 2147483647;
			files = (
			);
			runOnlyForDeploymentPostprocessing = 0;
		};
/* End PBXFrameworksBuildPhase section */

/* Begin PBXGroup section */
		01A20D8F2924EBB000F94E74 = {
			isa = PBXGroup;
			children = (
				01A20D9A2924EBB100F94E74 /* Umfrage */,
				01A20D992924EBB100F94E74 /* Products */,
			);
			sourceTree = "<group>";
		};
		01A20D992924EBB100F94E74 /* Products */ = {
			isa = PBXGroup;
			children = (
				01A20D982924EBB100F94E74 /* Umfrage.app */,
			);
			name = Products;
			sourceTree = "<group>";
		};
		01A20D9A2924EBB100F94E74 /* Umfrage */ = {
			isa = PBXGroup;
			children = (
				01A20D9B2924EBB100F94E74 /* AppDelegate.swift */,
				01A20D9D2924EBB100F94E74 /* SceneDelegate.swift */,
				01A20D9F2924EBB100F94E74 /* ViewController.swift */,
				01A20DB52925196400F94E74 /* ViewController4.swift */,
				01A20DB929251ACE00F94E74 /* ViewControllerEnd.swift */,
				01A20DB72925197600F94E74 /* ViewController5.swift */,
				01A20DAF2925192000F94E74 /* ViewController1.swift */,
				01A20DB12925193400F94E74 /* ViewController2.swift */,
				01A20DB32925194900F94E74 /* ViewController3.swift */,
				01A20DA12924EBB100F94E74 /* Main.storyboard */,
				01A20DA42924EBB200F94E74 /* Assets.xcassets */,
				01A20DA62924EBB200F94E74 /* LaunchScreen.storyboard */,
				01A20DA92924EBB200F94E74 /* Info.plist */,
			);
			path = Umfrage;
			sourceTree = "<group>";
		};
/* End PBXGroup section */

/* Begin PBXNativeTarget section */
		01A20D972924EBB100F94E74 /* Umfrage */ = {
			isa = PBXNativeTarget;
			buildConfigurationList = 01A20DAC2924EBB200F94E74 /* Build configuration list for PBXNativeTarget "Umfrage" */;
			buildPhases = (
				01A20D942924EBB100F94E74 /* Sources */,
				01A20D952924EBB100F94E74 /* Frameworks */,
				01A20D962924EBB100F94E74 /* Resources */,
			);
			buildRules = (
			);
			dependencies = (
			);
			name = Umfrage;
			productName = Umfrage;
			productReference = 01A20D982924EBB100F94E74 /* Umfrage.app */;
			productType = "com.apple.product-type.application";
		};
/* End PBXNativeTarget section */

/* Begin PBXProject section */
		01A20D902924EBB000F94E74 /* Project object */ = {
			isa = PBXProject;
			attributes = {
				BuildIndependentTargetsInParallel = 1;
				LastSwiftUpdateCheck = 1410;
				LastUpgradeCheck = 1410;
				TargetAttributes = {
					01A20D972924EBB100F94E74 = {
						CreatedOnToolsVersion = 14.1;
					};
				};
			};
			buildConfigurationList = 01A20D932924EBB000F94E74 /* Build configuration list for PBXProject "Umfrage" */;
			compatibilityVersion = "Xcode 14.0";
			developmentRegion = en;
			hasScannedForEncodings = 0;
			knownRegions = (
				en,
				Base,
			);
			mainGroup = 01A20D8F2924EBB000F94E74;
			productRefGroup = 01A20D992924EBB100F94E74 /* Products */;
			projectDirPath = "";
			projectRoot = "";
			targets = (
				01A20D972924EBB100F94E74 /* Umfrage */,
			);
		};
/* End PBXProject section */

/* Begin PBXResourcesBuildPhase section */
		01A20D962924EBB100F94E74 /* Resources */ = {
			isa = PBXResourcesBuildPhase;
			buildActionMask = 2147483647;
			files = (
				01A20DA82924EBB200F94E74 /* LaunchScreen.storyboard in Resources */,
				01A20DA52924EBB200F94E74 /* Assets.xcassets in Resources */,
				01A20DA32924EBB100F94E74 /* Main.storyboard in Resources */,
			);
			runOnlyForDeploymentPostprocessing = 0;
		};
/* End PBXResourcesBuildPhase section */

/* Begin PBXSourcesBuildPhase section */
		01A20D942924EBB100F94E74 /* Sources */ = {
			isa = PBXSourcesBuildPhase;
			buildActionMask = 2147483647;
			files = (
				01A20DB22925193400F94E74 /* ViewController2.swift in Sources */,
				01A20DB62925196400F94E74 /* ViewController4.swift in Sources */,
				01A20DB02925192000F94E74 /* ViewController1.swift in Sources */,
				01A20DB42925194900F94E74 /* ViewController3.swift in Sources */,
				01A20DB82925197600F94E74 /* ViewController5.swift in Sources */,
				01A20DA02924EBB100F94E74 /* ViewController.swift in Sources */,
				01A20DBA29251ACE00F94E74 /* ViewControllerEnd.swift in Sources */,
				01A20D9C2924EBB100F94E74 /* AppDelegate.swift in Sources */,
				01A20D9E2924EBB100F94E74 /* SceneDelegate.swift in Sources */,
			);
			runOnlyForDeploymentPostprocessing = 0;
		};
/* End PBXSourcesBuildPhase section */

/* Begin PBXVariantGroup section */
		01A20DA12924EBB100F94E74 /* Main.storyboard */ = {
			isa = PBXVariantGroup;
			children = (
				01A20DA22924EBB100F94E74 /* Base */,
			);
			name = Main.storyboard;
			sourceTree = "<group>";
		};
		01A20DA62924EBB200F94E74 /* LaunchScreen.storyboard */ = {
			isa = PBXVariantGroup;
			children = (
				01A20DA72924EBB200F94E74 /* Base */,
			);
			name = LaunchScreen.storyboard;
			sourceTree = "<group>";
		};
/* End PBXVariantGroup section */

/* Begin XCBuildConfiguration section */
		01A20DAA2924EBB200F94E74 /* Debug */ = {
			isa = XCBuildConfiguration;
			buildSettings = {
				ALWAYS_SEARCH_USER_PATHS = NO;
				CLANG_ANALYZER_NONNULL = YES;
				CLANG_ANALYZER_NUMBER_OBJECT_CONVERSION = YES_AGGRESSIVE;
				CLANG_CXX_LANGUAGE_STANDARD = "gnu++20";
				CLANG_ENABLE_MODULES = YES;
				CLANG_ENABLE_OBJC_ARC = YES;
				CLANG_ENABLE_OBJC_WEAK = YES;
				CLANG_WARN_BLOCK_CAPTURE_AUTORELEASING = YES;
				CLANG_WARN_BOOL_CONVERSION = YES;
				CLANG_WARN_COMMA = YES;
				CLANG_WARN_CONSTANT_CONVERSION = YES;
				CLANG_WARN_DEPRECATED_OBJC_IMPLEMENTATIONS = YES;
				CLANG_WARN_DIRECT_OBJC_ISA_USAGE = YES_ERROR;
				CLANG_WARN_DOCUMENTATION_COMMENTS = YES;
				CLANG_WARN_EMPTY_BODY = YES;
				CLANG_WARN_ENUM_CONVERSION = YES;
				CLANG_WARN_INFINITE_RECURSION = YES;
				CLANG_WARN_INT_CONVERSION = YES;
				CLANG_WARN_NON_LITERAL_NULL_CONVERSION = YES;
				CLANG_WARN_OBJC_IMPLICIT_RETAIN_SELF = YES;
				CLANG_WARN_OBJC_LITERAL_CONVERSION = YES;
				CLANG_WARN_OBJC_ROOT_CLASS = YES_ERROR;
				CLANG_WARN_QUOTED_INCLUDE_IN_FRAMEWORK_HEADER = YES;
				CLANG_WARN_RANGE_LOOP_ANALYSIS = YES;
				CLANG_WARN_STRICT_PROTOTYPES = YES;
				CLANG_WARN_SUSPICIOUS_MOVE = YES;
				CLANG_WARN_UNGUARDED_AVAILABILITY = YES_AGGRESSIVE;
				CLANG_WARN_UNREACHABLE_CODE = YES;
				CLANG_WARN__DUPLICATE_METHOD_MATCH = YES;
				COPY_PHASE_STRIP = NO;
				DEBUG_INFORMATION_FORMAT = dwarf;
				ENABLE_STRICT_OBJC_MSGSEND = YES;
				ENABLE_TESTABILITY = YES;
				GCC_C_LANGUAGE_STANDARD = gnu11;
				GCC_DYNAMIC_NO_PIC = NO;
				GCC_NO_COMMON_BLOCKS = YES;
				GCC_OPTIMIZATION_LEVEL = 0;
				GCC_PREPROCESSOR_DEFINITIONS = (
					"DEBUG=1",
					"$(inherited)",
				);
				GCC_WARN_64_TO_32_BIT_CONVERSION = YES;
				GCC_WARN_ABOUT_RETURN_TYPE = YES_ERROR;
				GCC_WARN_UNDECLARED_SELECTOR = YES;
				GCC_WARN_UNINITIALIZED_AUTOS = YES_AGGRESSIVE;
				GCC_WARN_UNUSED_FUNCTION = YES;
				GCC_WARN_UNUSED_VARIABLE = YES;
				IPHONEOS_DEPLOYMENT_TARGET = 16.1;
				MTL_ENABLE_DEBUG_INFO = INCLUDE_SOURCE;
				MTL_FAST_MATH = YES;
				ONLY_ACTIVE_ARCH = YES;
				SDKROOT = iphoneos;
				SWIFT_ACTIVE_COMPILATION_CONDITIONS = DEBUG;
				SWIFT_OPTIMIZATION_LEVEL = "-Onone";
			};
			name = Debug;
		};
		01A20DAB2924EBB200F94E74 /* Release */ = {
			isa = XCBuildConfiguration;
			buildSettings = {
				ALWAYS_SEARCH_USER_PATHS = NO;
				CLANG_ANALYZER_NONNULL = YES;
				CLANG_ANALYZER_NUMBER_OBJECT_CONVERSION = YES_AGGRESSIVE;
				CLANG_CXX_LANGUAGE_STANDARD = "gnu++20";
				CLANG_ENABLE_MODULES = YES;
				CLANG_ENABLE_OBJC_ARC = YES;
				CLANG_ENABLE_OBJC_WEAK = YES;
				CLANG_WARN_BLOCK_CAPTURE_AUTORELEASING = YES;
				CLANG_WARN_BOOL_CONVERSION = YES;
				CLANG_WARN_COMMA = YES;
				CLANG_WARN_CONSTANT_CONVERSION = YES;
				CLANG_WARN_DEPRECATED_OBJC_IMPLEMENTATIONS = YES;
				CLANG_WARN_DIRECT_OBJC_ISA_USAGE = YES_ERROR;
				CLANG_WARN_DOCUMENTATION_COMMENTS = YES;
				CLANG_WARN_EMPTY_BODY = YES;
				CLANG_WARN_ENUM_CONVERSION = YES;
				CLANG_WARN_INFINITE_RECURSION = YES;
				CLANG_WARN_INT_CONVERSION = YES;
				CLANG_WARN_NON_LITERAL_NULL_CONVERSION = YES;
				CLANG_WARN_OBJC_IMPLICIT_RETAIN_SELF = YES;
				CLANG_WARN_OBJC_LITERAL_CONVERSION = YES;
				CLANG_WARN_OBJC_ROOT_CLASS = YES_ERROR;
				CLANG_WARN_QUOTED_INCLUDE_IN_FRAMEWORK_HEADER = YES;
				CLANG_WARN_RANGE_LOOP_ANALYSIS = YES;
				CLANG_WARN_STRICT_PROTOTYPES = YES;
				CLANG_WARN_SUSPICIOUS_MOVE = YES;
				CLANG_WARN_UNGUARDED_AVAILABILITY = YES_AGGRESSIVE;
				CLANG_WARN_UNREACHABLE_CODE = YES;
				CLANG_WARN__DUPLICATE_METHOD_MATCH = YES;
				COPY_PHASE_STRIP = NO;
				DEBUG_INFORMATION_FORMAT = "dwarf-with-dsym";
				ENABLE_NS_ASSERTIONS = NO;
				ENABLE_STRICT_OBJC_MSGSEND = YES;
				GCC_C_LANGUAGE_STANDARD = gnu11;
				GCC_NO_COMMON_BLOCKS = YES;
				GCC_WARN_64_TO_32_BIT_CONVERSION = YES;
				GCC_WARN_ABOUT_RETURN_TYPE = YES_ERROR;
				GCC_WARN_UNDECLARED_SELECTOR = YES;
				GCC_WARN_UNINITIALIZED_AUTOS = YES_AGGRESSIVE;
				GCC_WARN_UNUSED_FUNCTION = YES;
				GCC_WARN_UNUSED_VARIABLE = YES;
				IPHONEOS_DEPLOYMENT_TARGET = 16.1;
				MTL_ENABLE_DEBUG_INFO = NO;
				MTL_FAST_MATH = YES;
				SDKROOT = iphoneos;
				SWIFT_COMPILATION_MODE = wholemodule;
				SWIFT_OPTIMIZATION_LEVEL = "-O";
				VALIDATE_PRODUCT = YES;
			};
			name = Release;
		};
		01A20DAD2924EBB200F94E74 /* Debug */ = {
			isa = XCBuildConfiguration;
			buildSettings = {
				ASSETCATALOG_COMPILER_APPICON_NAME = AppIcon;
				ASSETCATALOG_COMPILER_GLOBAL_ACCENT_COLOR_NAME = AccentColor;
				CODE_SIGN_STYLE = Automatic;
				CURRENT_PROJECT_VERSION = 1;
				DEVELOPMENT_TEAM = 6XCD62785X;
				GENERATE_INFOPLIST_FILE = YES;
				INFOPLIST_FILE = Umfrage/Info.plist;
				INFOPLIST_KEY_UIApplicationSupportsIndirectInputEvents = YES;
				INFOPLIST_KEY_UILaunchStoryboardName = LaunchScreen;
				INFOPLIST_KEY_UIMainStoryboardFile = Main;
				INFOPLIST_KEY_UISupportedInterfaceOrientations_iPad = "UIInterfaceOrientationPortrait UIInterfaceOrientationPortraitUpsideDown UIInterfaceOrientationLandscapeLeft UIInterfaceOrientationLandscapeRight";
				INFOPLIST_KEY_UISupportedInterfaceOrientations_iPhone = "UIInterfaceOrientationPortrait UIInterfaceOrientationLandscapeLeft UIInterfaceOrientationLandscapeRight";
				LD_RUNPATH_SEARCH_PATHS = (
					"$(inherited)",
					"@executable_path/Frameworks",
				);
				MARKETING_VERSION = 1.0;
				PRODUCT_BUNDLE_IDENTIFIER = de.stefan.Umfrage;
				PRODUCT_NAME = "$(TARGET_NAME)";
				SWIFT_EMIT_LOC_STRINGS = YES;
				SWIFT_VERSION = 5.0;
				TARGETED_DEVICE_FAMILY = "1,2";
			};
			name = Debug;
		};
		01A20DAE2924EBB200F94E74 /* Release */ = {
			isa = XCBuildConfiguration;
			buildSettings = {
				ASSETCATALOG_COMPILER_APPICON_NAME = AppIcon;
				ASSETCATALOG_COMPILER_GLOBAL_ACCENT_COLOR_NAME = AccentColor;
				CODE_SIGN_STYLE = Automatic;
				CURRENT_PROJECT_VERSION = 1;
				DEVELOPMENT_TEAM = 6XCD62785X;
				GENERATE_INFOPLIST_FILE = YES;
				INFOPLIST_FILE = Umfrage/Info.plist;
				INFOPLIST_KEY_UIApplicationSupportsIndirectInputEvents = YES;
				INFOPLIST_KEY_UILaunchStoryboardName = LaunchScreen;
				INFOPLIST_KEY_UIMainStoryboardFile = Main;
				INFOPLIST_KEY_UISupportedInterfaceOrientations_iPad = "UIInterfaceOrientationPortrait UIInterfaceOrientationPortraitUpsideDown UIInterfaceOrientationLandscapeLeft UIInterfaceOrientationLandscapeRight";
				INFOPLIST_KEY_UISupportedInterfaceOrientations_iPhone = "UIInterfaceOrientationPortrait UIInterfaceOrientationLandscapeLeft UIInterfaceOrientationLandscapeRight";
				LD_RUNPATH_SEARCH_PATHS = (
					"$(inherited)",
					"@executable_path/Frameworks",
				);
				MARKETING_VERSION = 1.0;
				PRODUCT_BUNDLE_IDENTIFIER = de.stefan.Umfrage;
				PRODUCT_NAME = "$(TARGET_NAME)";
				SWIFT_EMIT_LOC_STRINGS = YES;
				SWIFT_VERSION = 5.0;
				TARGETED_DEVICE_FAMILY = "1,2";
			};
			name = Release;
		};
/* End XCBuildConfiguration section */

/* Begin XCConfigurationList section */
		01A20D932924EBB000F94E74 /* Build configuration list for PBXProject "Umfrage" */ = {
			isa = XCConfigurationList;
			buildConfigurations = (
				01A20DAA2924EBB200F94E74 /* Debug */,
				01A20DAB2924EBB200F94E74 /* Release */,
			);
			defaultConfigurationIsVisible = 0;
			defaultConfigurationName = Release;
		};
		01A20DAC2924EBB200F94E74 /* Build configuration list for PBXNativeTarget "Umfrage" */ = {
			isa = XCConfigurationList;
			buildConfigurations = (
				01A20DAD2924EBB200F94E74 /* Debug */,
				01A20DAE2924EBB200F94E74 /* Release */,
			);
			defaultConfigurationIsVisible = 0;
			defaultConfigurationName = Release;
		};
/* End XCConfigurationList section */
	};
	rootObject = 01A20D902924EBB000F94E74 /* Project object */;
}
